
Microsoft Visual Studio Solution File, Format Version 12.00
# Visual Studio Version 16
VisualStudioVersion = 16.0.29728.190
MinimumVisualStudioVersion = 10.0.40219.1
Project("{9A19103F-16F7-4668-BE54-9A1E7A4F7556}") = "Domain", "src\Domain\Domain.csproj", "{4E1F0606-1C86-476C-9EE9-81E1EDD34EBA}"
EndProject
Project("{9A19103F-16F7-4668-BE54-9A1E7A4F7556}") = "Domain.Test", "test\Domain.Test\Domain.Test.csproj", "{611EE460-9762-4906-A3F7-66AFB0A98E2D}"
EndProject
Project("{9A19103F-16F7-4668-BE54-9A1E7A4F7556}") = "Application", "src\Application\Application.csproj", "{802A33B9-18CC-47CC-BDDA-9987495C1AE4}"
EndProject
Project("{9A19103F-16F7-4668-BE54-9A1E7A4F7556}") = "Application.Test", "test\Application.Test\Application.Test.csproj", "{E4549D7C-BEED-4186-92A9-D47E54290049}"
EndProject
Project("{9A19103F-16F7-4668-BE54-9A1E7A4F7556}") = "API.Specs", "test\API.Specs\API.Specs.csproj", "{A0D3AC26-F9C3-4FCD-9850-55F246556740}"
EndProject
Project("{9A19103F-16F7-4668-BE54-9A1E7A4F7556}") = "API", "src\API\API.csproj", "{1B3E4558-18B3-43D8-80F0-75BA8D34DE95}"
EndProject
Global
	GlobalSection(SolutionConfigurationPlatforms) = preSolution
		Debug|Any CPU = Debug|Any CPU
		Release|Any CPU = Release|Any CPU
	EndGlobalSection
	GlobalSection(ProjectConfigurationPlatforms) = postSolution
		{4E1F0606-1C86-476C-9EE9-81E1EDD34EBA}.Debug|Any CPU.ActiveCfg = Debug|Any CPU
		{4E1F0606-1C86-476C-9EE9-81E1EDD34EBA}.Debug|Any CPU.Build.0 = Debug|Any CPU
		{4E1F0606-1C86-476C-9EE9-81E1EDD34EBA}.Release|Any CPU.ActiveCfg = Release|Any CPU
		{4E1F0606-1C86-476C-9EE9-81E1EDD34EBA}.Release|Any CPU.Build.0 = Release|Any CPU
		{611EE460-9762-4906-A3F7-66AFB0A98E2D}.Debug|Any CPU.ActiveCfg = Debug|Any CPU
		{611EE460-9762-4906-A3F7-66AFB0A98E2D}.Debug|Any CPU.Build.0 = Debug|Any CPU
		{611EE460-9762-4906-A3F7-66AFB0A98E2D}.Release|Any CPU.ActiveCfg = Release|Any CPU
		{611EE460-9762-4906-A3F7-66AFB0A98E2D}.Release|Any CPU.Build.0 = Release|Any CPU
		{802A33B9-18CC-47CC-BDDA-9987495C1AE4}.Debug|Any CPU.ActiveCfg = Debug|Any CPU
		{802A33B9-18CC-47CC-BDDA-9987495C1AE4}.Debug|Any CPU.Build.0 = Debug|Any CPU
		{802A33B9-18CC-47CC-BDDA-9987495C1AE4}.Release|Any CPU.ActiveCfg = Release|Any CPU
		{802A33B9-18CC-47CC-BDDA-9987495C1AE4}.Release|Any CPU.Build.0 = Release|Any CPU
		{E4549D7C-BEED-4186-92A9-D47E54290049}.Debug|Any CPU.ActiveCfg = Debug|Any CPU
		{E4549D7C-BEED-4186-92A9-D47E54290049}.Debug|Any CPU.Build.0 = Debug|Any CPU
		{E4549D7C-BEED-4186-92A9-D47E54290049}.Release|Any CPU.ActiveCfg = Release|Any CPU
		{E4549D7C-BEED-4186-92A9-D47E54290049}.Release|Any CPU.Build.0 = Release|Any CPU
		{A0D3AC26-F9C3-4FCD-9850-55F246556740}.Debug|Any CPU.ActiveCfg = Debug|Any CPU
		{A0D3AC26-F9C3-4FCD-9850-55F246556740}.Debug|Any CPU.Build.0 = Debug|Any CPU
		{A0D3AC26-F9C3-4FCD-9850-55F246556740}.Release|Any CPU.ActiveCfg = Release|Any CPU
		{A0D3AC26-F9C3-4FCD-9850-55F246556740}.Release|Any CPU.Build.0 = Release|Any CPU
		{1B3E4558-18B3-43D8-80F0-75BA8D34DE95}.Debug|Any CPU.ActiveCfg = Debug|Any CPU
		{1B3E4558-18B3-43D8-80F0-75BA8D34DE95}.Debug|Any CPU.Build.0 = Debug|Any CPU
		{1B3E4558-18B3-43D8-80F0-75BA8D34DE95}.Release|Any CPU.ActiveCfg = Release|Any CPU
		{1B3E4558-18B3-43D8-80F0-75BA8D34DE95}.Release|Any CPU.Build.0 = Release|Any CPU
	EndGlobalSection
	GlobalSection(SolutionProperties) = preSolution
		HideSolutionNode = FALSE
	EndGlobalSection
	GlobalSection(ExtensibilityGlobals) = postSolution
		SolutionGuid = {FD249EF4-5E8D-47E1-8D5F-158591A0F56C}
	EndGlobalSection
EndGlobal
